// !$*UTF8*$!
{
	archiveVersion = 1;
	classes = {
	};
	objectVersion = 46;
	objects = {

/* Begin PBXBuildFile section */
		474EF5611A81CC9E00CA2864 /* movie.swift in Sources */ = {isa = PBXBuildFile; fileRef = 474EF5601A81CC9E00CA2864 /* movie.swift */; };
		475FBBB71A81C01E006DDB6B /* AppDelegate.swift in Sources */ = {isa = PBXBuildFile; fileRef = 475FBBB61A81C01E006DDB6B /* AppDelegate.swift */; };
		475FBBB91A81C01E006DDB6B /* ViewController.swift in Sources */ = {isa = PBXBuildFile; fileRef = 475FBBB81A81C01E006DDB6B /* ViewController.swift */; };
		475FBBBC1A81C01E006DDB6B /* Main.storyboard in Resources */ = {isa = PBXBuildFile; fileRef = 475FBBBA1A81C01E006DDB6B /* Main.storyboard */; };
		475FBBBE1A81C01E006DDB6B /* Images.xcassets in Resources */ = {isa = PBXBuildFile; fileRef = 475FBBBD1A81C01E006DDB6B /* Images.xcassets */; };
		475FBBC11A81C01E006DDB6B /* LaunchScreen.xib in Resources */ = {isa = PBXBuildFile; fileRef = 475FBBBF1A81C01E006DDB6B /* LaunchScreen.xib */; };
		475FBBCD1A81C01E006DDB6B /* rotten_tomatoesTests.swift in Sources */ = {isa = PBXBuildFile; fileRef = 475FBBCC1A81C01E006DDB6B /* rotten_tomatoesTests.swift */; };
		475FBBD71A81C05D006DDB6B /* MovieViewController.swift in Sources */ = {isa = PBXBuildFile; fileRef = 475FBBD61A81C05D006DDB6B /* MovieViewController.swift */; };
		47AF01F01A8316EF00F6463D /* MovieTableViewCell.swift in Sources */ = {isa = PBXBuildFile; fileRef = 47AF01EF1A8316EF00F6463D /* MovieTableViewCell.swift */; };
		F1E28691C811ED184D5A160F /* libPods-rotten-tomatoes.a in Frameworks */ = {isa = PBXBuildFile; fileRef = 3C285130B2A423F98C0BD616 /* libPods-rotten-tomatoes.a */; };
/* End PBXBuildFile section */

/* Begin PBXContainerItemProxy section */
		475FBBC71A81C01E006DDB6B /* PBXContainerItemProxy */ = {
			isa = PBXContainerItemProxy;
			containerPortal = 475FBBA91A81C01D006DDB6B /* Project object */;
			proxyType = 1;
			remoteGlobalIDString = 475FBBB01A81C01D006DDB6B;
			remoteInfo = "rotten-tomatoes";
		};
/* End PBXContainerItemProxy section */

/* Begin PBXFileReference section */
		3C285130B2A423F98C0BD616 /* libPods-rotten-tomatoes.a */ = {isa = PBXFileReference; explicitFileType = archive.ar; includeInIndex = 0; path = "libPods-rotten-tomatoes.a"; sourceTree = BUILT_PRODUCTS_DIR; };
		474EF55D1A81CA3300CA2864 /* rotten-tomatoes-Bridging-Header.h */ = {isa = PBXFileReference; lastKnownFileType = sourcecode.c.h; path = "rotten-tomatoes-Bridging-Header.h"; sourceTree = SOURCE_ROOT; };
		474EF5601A81CC9E00CA2864 /* movie.swift */ = {isa = PBXFileReference; fileEncoding = 4; lastKnownFileType = sourcecode.swift; path = movie.swift; sourceTree = "<group>"; };
		475FBBB11A81C01E006DDB6B /* rotten-tomatoes.app */ = {isa = PBXFileReference; explicitFileType = wrapper.application; includeInIndex = 0; path = "rotten-tomatoes.app"; sourceTree = BUILT_PRODUCTS_DIR; };
		475FBBB51A81C01E006DDB6B /* Info.plist */ = {isa = PBXFileReference; lastKnownFileType = text.plist.xml; path = Info.plist; sourceTree = "<group>"; };
		475FBBB61A81C01E006DDB6B /* AppDelegate.swift */ = {isa = PBXFileReference; lastKnownFileType = sourcecode.swift; path = AppDelegate.swift; sourceTree = "<group>"; };
		475FBBB81A81C01E006DDB6B /* ViewController.swift */ = {isa = PBXFileReference; lastKnownFileType = sourcecode.swift; path = ViewController.swift; sourceTree = "<group>"; };
		475FBBBB1A81C01E006DDB6B /* Base */ = {isa = PBXFileReference; lastKnownFileType = file.storyboard; name = Base; path = Base.lproj/Main.storyboard; sourceTree = "<group>"; };
		475FBBBD1A81C01E006DDB6B /* Images.xcassets */ = {isa = PBXFileReference; lastKnownFileType = folder.assetcatalog; path = Images.xcassets; sourceTree = "<group>"; };
		475FBBC01A81C01E006DDB6B /* Base */ = {isa = PBXFileReference; lastKnownFileType = file.xib; name = Base; path = Base.lproj/LaunchScreen.xib; sourceTree = "<group>"; };
		475FBBC61A81C01E006DDB6B /* rotten-tomatoesTests.xctest */ = {isa = PBXFileReference; explicitFileType = wrapper.cfbundle; includeInIndex = 0; path = "rotten-tomatoesTests.xctest"; sourceTree = BUILT_PRODUCTS_DIR; };
		475FBBCB1A81C01E006DDB6B /* Info.plist */ = {isa = PBXFileReference; lastKnownFileType = text.plist.xml; path = Info.plist; sourceTree = "<group>"; };
		475FBBCC1A81C01E006DDB6B /* rotten_tomatoesTests.swift */ = {isa = PBXFileReference; lastKnownFileType = sourcecode.swift; path = rotten_tomatoesTests.swift; sourceTree = "<group>"; };
		475FBBD61A81C05D006DDB6B /* MovieViewController.swift */ = {isa = PBXFileReference; fileEncoding = 4; lastKnownFileType = sourcecode.swift; path = MovieViewController.swift; sourceTree = "<group>"; };
		47AF01EF1A8316EF00F6463D /* MovieTableViewCell.swift */ = {isa = PBXFileReference; fileEncoding = 4; lastKnownFileType = sourcecode.swift; path = MovieTableViewCell.swift; sourceTree = "<group>"; };
		54F8FA44F828EFA2B0C13D15 /* Pods-rotten-tomatoes.debug.xcconfig */ = {isa = PBXFileReference; includeInIndex = 1; lastKnownFileType = text.xcconfig; name = "Pods-rotten-tomatoes.debug.xcconfig"; path = "Pods/Target Support Files/Pods-rotten-tomatoes/Pods-rotten-tomatoes.debug.xcconfig"; sourceTree = "<group>"; };
		A3924E34A85522B6B795A1E5 /* Pods-rotten-tomatoes.release.xcconfig */ = {isa = PBXFileReference; includeInIndex = 1; lastKnownFileType = text.xcconfig; name = "Pods-rotten-tomatoes.release.xcconfig"; path = "Pods/Target Support Files/Pods-rotten-tomatoes/Pods-rotten-tomatoes.release.xcconfig"; sourceTree = "<group>"; };
/* End PBXFileReference section */

/* Begin PBXFrameworksBuildPhase section */
		475FBBAE1A81C01D006DDB6B /* Frameworks */ = {
			isa = PBXFrameworksBuildPhase;
			buildActionMask = 2147483647;
			files = (
				F1E28691C811ED184D5A160F /* libPods-rotten-tomatoes.a in Frameworks */,
			);
			runOnlyForDeploymentPostprocessing = 0;
		};
		475FBBC31A81C01E006DDB6B /* Frameworks */ = {
			isa = PBXFrameworksBuildPhase;
			buildActionMask = 2147483647;
			files = (
			);
			runOnlyForDeploymentPostprocessing = 0;
		};
/* End PBXFrameworksBuildPhase section */

/* Begin PBXGroup section */
		475FBBA81A81C01D006DDB6B = {
			isa = PBXGroup;
			children = (
				475FBBB31A81C01E006DDB6B /* rotten-tomatoes */,
				475FBBC91A81C01E006DDB6B /* rotten-tomatoesTests */,
				475FBBB21A81C01E006DDB6B /* Products */,
				943B5E1825CB76429DB39261 /* Pods */,
				F5F3ECC7B41414569447DF0F /* Frameworks */,
			);
			sourceTree = "<group>";
		};
		475FBBB21A81C01E006DDB6B /* Products */ = {
			isa = PBXGroup;
			children = (
				475FBBB11A81C01E006DDB6B /* rotten-tomatoes.app */,
				475FBBC61A81C01E006DDB6B /* rotten-tomatoesTests.xctest */,
			);
			name = Products;
			sourceTree = "<group>";
		};
		475FBBB31A81C01E006DDB6B /* rotten-tomatoes */ = {
			isa = PBXGroup;
			children = (
				47AF01EF1A8316EF00F6463D /* MovieTableViewCell.swift */,
				474EF55D1A81CA3300CA2864 /* rotten-tomatoes-Bridging-Header.h */,
				475FBBB61A81C01E006DDB6B /* AppDelegate.swift */,
				475FBBB81A81C01E006DDB6B /* ViewController.swift */,
				475FBBBA1A81C01E006DDB6B /* Main.storyboard */,
				475FBBD61A81C05D006DDB6B /* MovieViewController.swift */,
				474EF5601A81CC9E00CA2864 /* movie.swift */,
				475FBBBD1A81C01E006DDB6B /* Images.xcassets */,
				475FBBBF1A81C01E006DDB6B /* LaunchScreen.xib */,
				475FBBB41A81C01E006DDB6B /* Supporting Files */,
			);
			path = "rotten-tomatoes";
			sourceTree = "<group>";
		};
		475FBBB41A81C01E006DDB6B /* Supporting Files */ = {
			isa = PBXGroup;
			children = (
				475FBBB51A81C01E006DDB6B /* Info.plist */,
			);
			name = "Supporting Files";
			sourceTree = "<group>";
		};
		475FBBC91A81C01E006DDB6B /* rotten-tomatoesTests */ = {
			isa = PBXGroup;
			children = (
				475FBBCC1A81C01E006DDB6B /* rotten_tomatoesTests.swift */,
				475FBBCA1A81C01E006DDB6B /* Supporting Files */,
			);
			path = "rotten-tomatoesTests";
			sourceTree = "<group>";
		};
		475FBBCA1A81C01E006DDB6B /* Supporting Files */ = {
			isa = PBXGroup;
			children = (
				475FBBCB1A81C01E006DDB6B /* Info.plist */,
			);
			name = "Supporting Files";
			sourceTree = "<group>";
		};
		943B5E1825CB76429DB39261 /* Pods */ = {
			isa = PBXGroup;
			children = (
				54F8FA44F828EFA2B0C13D15 /* Pods-rotten-tomatoes.debug.xcconfig */,
				A3924E34A85522B6B795A1E5 /* Pods-rotten-tomatoes.release.xcconfig */,
			);
			name = Pods;
			sourceTree = "<group>";
		};
		F5F3ECC7B41414569447DF0F /* Frameworks */ = {
			isa = PBXGroup;
			children = (
				3C285130B2A423F98C0BD616 /* libPods-rotten-tomatoes.a */,
			);
			name = Frameworks;
			sourceTree = "<group>";
		};
/* End PBXGroup section */

/* Begin PBXNativeTarget section */
		475FBBB01A81C01D006DDB6B /* rotten-tomatoes */ = {
			isa = PBXNativeTarget;
			buildConfigurationList = 475FBBD01A81C01E006DDB6B /* Build configuration list for PBXNativeTarget "rotten-tomatoes" */;
			buildPhases = (
				9075B84A0AD8909074588510 /* Check Pods Manifest.lock */,
				475FBBAD1A81C01D006DDB6B /* Sources */,
				475FBBAE1A81C01D006DDB6B /* Frameworks */,
				475FBBAF1A81C01D006DDB6B /* Resources */,
				0501DDD4EF63FC2F6A24AECC /* Copy Pods Resources */,
			);
			buildRules = (
			);
			dependencies = (
			);
			name = "rotten-tomatoes";
			productName = "rotten-tomatoes";
			productReference = 475FBBB11A81C01E006DDB6B /* rotten-tomatoes.app */;
			productType = "com.apple.product-type.application";
		};
		475FBBC51A81C01E006DDB6B /* rotten-tomatoesTests */ = {
			isa = PBXNativeTarget;
			buildConfigurationList = 475FBBD31A81C01E006DDB6B /* Build configuration list for PBXNativeTarget "rotten-tomatoesTests" */;
			buildPhases = (
				475FBBC21A81C01E006DDB6B /* Sources */,
				475FBBC31A81C01E006DDB6B /* Frameworks */,
				475FBBC41A81C01E006DDB6B /* Resources */,
			);
			buildRules = (
			);
			dependencies = (
				475FBBC81A81C01E006DDB6B /* PBXTargetDependency */,
			);
			name = "rotten-tomatoesTests";
			productName = "rotten-tomatoesTests";
			productReference = 475FBBC61A81C01E006DDB6B /* rotten-tomatoesTests.xctest */;
			productType = "com.apple.product-type.bundle.unit-test";
		};
/* End PBXNativeTarget section */

/* Begin PBXProject section */
		475FBBA91A81C01D006DDB6B /* Project object */ = {
			isa = PBXProject;
			attributes = {
				LastUpgradeCheck = 0610;
				ORGANIZATIONNAME = "Christopher Kintner";
				TargetAttributes = {
					475FBBB01A81C01D006DDB6B = {
						CreatedOnToolsVersion = 6.1.1;
					};
					475FBBC51A81C01E006DDB6B = {
						CreatedOnToolsVersion = 6.1.1;
						TestTargetID = 475FBBB01A81C01D006DDB6B;
					};
				};
			};
			buildConfigurationList = 475FBBAC1A81C01D006DDB6B /* Build configuration list for PBXProject "rotten-tomatoes" */;
			compatibilityVersion = "Xcode 3.2";
			developmentRegion = English;
			hasScannedForEncodings = 0;
			knownRegions = (
				en,
				Base,
			);
			mainGroup = 475FBBA81A81C01D006DDB6B;
			productRefGroup = 475FBBB21A81C01E006DDB6B /* Products */;
			projectDirPath = "";
			projectRoot = "";
			targets = (
				475FBBB01A81C01D006DDB6B /* rotten-tomatoes */,
				475FBBC51A81C01E006DDB6B /* rotten-tomatoesTests */,
			);
		};
/* End PBXProject section */

/* Begin PBXResourcesBuildPhase section */
		475FBBAF1A81C01D006DDB6B /* Resources */ = {
			isa = PBXResourcesBuildPhase;
			buildActionMask = 2147483647;
			files = (
				475FBBBC1A81C01E006DDB6B /* Main.storyboard in Resources */,
				475FBBC11A81C01E006DDB6B /* LaunchScreen.xib in Resources */,
				475FBBBE1A81C01E006DDB6B /* Images.xcassets in Resources */,
			);
			runOnlyForDeploymentPostprocessing = 0;
		};
		475FBBC41A81C01E006DDB6B /* Resources */ = {
			isa = PBXResourcesBuildPhase;
			buildActionMask = 2147483647;
			files = (
			);
			runOnlyForDeploymentPostprocessing = 0;
		};
/* End PBXResourcesBuildPhase section */

/* Begin PBXShellScriptBuildPhase section */
		0501DDD4EF63FC2F6A24AECC /* Copy Pods Resources */ = {
			isa = PBXShellScriptBuildPhase;
			buildActionMask = 2147483647;
			files = (
			);
			inputPaths = (
			);
			name = "Copy Pods Resources";
			outputPaths = (
			);
			runOnlyForDeploymentPostprocessing = 0;
			shellPath = /bin/sh;
			shellScript = "\"${SRCROOT}/Pods/Target Support Files/Pods-rotten-tomatoes/Pods-rotten-tomatoes-resources.sh\"\n";
			showEnvVarsInLog = 0;
		};
		9075B84A0AD8909074588510 /* Check Pods Manifest.lock */ = {
			isa = PBXShellScriptBuildPhase;
			buildActionMask = 2147483647;
			files = (
			);
			inputPaths = (
			);
			name = "Check Pods Manifest.lock";
			outputPaths = (
			);
			runOnlyForDeploymentPostprocessing = 0;
			shellPath = /bin/sh;
			shellScript = "diff \"${PODS_ROOT}/../Podfile.lock\" \"${PODS_ROOT}/Manifest.lock\" > /dev/null\nif [[ $? != 0 ]] ; then\n    cat << EOM\nerror: The sandbox is not in sync with the Podfile.lock. Run 'pod install' or update your CocoaPods installation.\nEOM\n    exit 1\nfi\n";
			showEnvVarsInLog = 0;
		};
/* End PBXShellScriptBuildPhase section */

/* Begin PBXSourcesBuildPhase section */
		475FBBAD1A81C01D006DDB6B /* Sources */ = {
			isa = PBXSourcesBuildPhase;
			buildActionMask = 2147483647;
			files = (
				47AF01F01A8316EF00F6463D /* MovieTableViewCell.swift in Sources */,
				475FBBB91A81C01E006DDB6B /* ViewController.swift in Sources */,
				475FBBB71A81C01E006DDB6B /* AppDelegate.swift in Sources */,
				475FBBD71A81C05D006DDB6B /* MovieViewController.swift in Sources */,
				474EF5611A81CC9E00CA2864 /* movie.swift in Sources */,
			);
			runOnlyForDeploymentPostprocessing = 0;
		};
		475FBBC21A81C01E006DDB6B /* Sources */ = {
			isa = PBXSourcesBuildPhase;
			buildActionMask = 2147483647;
			files = (
				475FBBCD1A81C01E006DDB6B /* rotten_tomatoesTests.swift in Sources */,
			);
			runOnlyForDeploymentPostprocessing = 0;
		};
/* End PBXSourcesBuildPhase section */

/* Begin PBXTargetDependency section */
		475FBBC81A81C01E006DDB6B /* PBXTargetDependency */ = {
			isa = PBXTargetDependency;
			target = 475FBBB01A81C01D006DDB6B /* rotten-tomatoes */;
			targetProxy = 475FBBC71A81C01E006DDB6B /* PBXContainerItemProxy */;
		};
/* End PBXTargetDependency section */

/* Begin PBXVariantGroup section */
		475FBBBA1A81C01E006DDB6B /* Main.storyboard */ = {
			isa = PBXVariantGroup;
			children = (
				475FBBBB1A81C01E006DDB6B /* Base */,
			);
			name = Main.storyboard;
			sourceTree = "<group>";
		};
		475FBBBF1A81C01E006DDB6B /* LaunchScreen.xib */ = {
			isa = PBXVariantGroup;
			children = (
				475FBBC01A81C01E006DDB6B /* Base */,
			);
			name = LaunchScreen.xib;
			sourceTree = "<group>";
		};
/* End PBXVariantGroup section */

/* Begin XCBuildConfiguration section */
		475FBBCE1A81C01E006DDB6B /* Debug */ = {
			isa = XCBuildConfiguration;
			buildSettings = {
				ALWAYS_SEARCH_USER_PATHS = NO;
				CLANG_CXX_LANGUAGE_STANDARD = "gnu++0x";
				CLANG_CXX_LIBRARY = "libc++";
				CLANG_ENABLE_MODULES = YES;
				CLANG_ENABLE_OBJC_ARC = YES;
				CLANG_WARN_BOOL_CONVERSION = YES;
				CLANG_WARN_CONSTANT_CONVERSION = YES;
				CLANG_WARN_DIRECT_OBJC_ISA_USAGE = YES_ERROR;
				CLANG_WARN_EMPTY_BODY = YES;
				CLANG_WARN_ENUM_CONVERSION = YES;
				CLANG_WARN_INT_CONVERSION = YES;
				CLANG_WARN_OBJC_ROOT_CLASS = YES_ERROR;
				CLANG_WARN_UNREACHABLE_CODE = YES;
				CLANG_WARN__DUPLICATE_METHOD_MATCH = YES;
				"CODE_SIGN_IDENTITY[sdk=iphoneos*]" = "iPhone Developer";
				COPY_PHASE_STRIP = NO;
				ENABLE_STRICT_OBJC_MSGSEND = YES;
				GCC_C_LANGUAGE_STANDARD = gnu99;
				GCC_DYNAMIC_NO_PIC = NO;
				GCC_OPTIMIZATION_LEVEL = 0;
				GCC_PREPROCESSOR_DEFINITIONS = (
					"DEBUG=1",
					"$(inherited)",
				);
				GCC_SYMBOLS_PRIVATE_EXTERN = NO;
				GCC_WARN_64_TO_32_BIT_CONVERSION = YES;
				GCC_WARN_ABOUT_RETURN_TYPE = YES_ERROR;
				GCC_WARN_UNDECLARED_SELECTOR = YES;
				GCC_WARN_UNINITIALIZED_AUTOS = YES_AGGRESSIVE;
				GCC_WARN_UNUSED_FUNCTION = YES;
				GCC_WARN_UNUSED_VARIABLE = YES;
				IPHONEOS_DEPLOYMENT_TARGET = 8.1;
				MTL_ENABLE_DEBUG_INFO = YES;
				ONLY_ACTIVE_ARCH = YES;
				SDKROOT = iphoneos;
				SWIFT_OPTIMIZATION_LEVEL = "-Onone";
			};
			name = Debug;
		};
		475FBBCF1A81C01E006DDB6B /* Release */ = {
			isa = XCBuildConfiguration;
			buildSettings = {
				ALWAYS_SEARCH_USER_PATHS = NO;
				CLANG_CXX_LANGUAGE_STANDARD = "gnu++0x";
				CLANG_CXX_LIBRARY = "libc++";
				CLANG_ENABLE_MODULES = YES;
				CLANG_ENABLE_OBJC_ARC = YES;
				CLANG_WARN_BOOL_CONVERSION = YES;
				CLANG_WARN_CONSTANT_CONVERSION = YES;
				CLANG_WARN_DIRECT_OBJC_ISA_USAGE = YES_ERROR;
				CLANG_WARN_EMPTY_BODY = YES;
				CLANG_WARN_ENUM_CONVERSION = YES;
				CLANG_WARN_INT_CONVERSION = YES;
				CLANG_WARN_OBJC_ROOT_CLASS = YES_ERROR;
				CLANG_WARN_UNREACHABLE_CODE = YES;
				CLANG_WARN__DUPLICATE_METHOD_MATCH = YES;
				"CODE_SIGN_IDENTITY[sdk=iphoneos*]" = "iPhone Developer";
				COPY_PHASE_STRIP = YES;
				ENABLE_NS_ASSERTIONS = NO;
				ENABLE_STRICT_OBJC_MSGSEND = YES;
				GCC_C_LANGUAGE_STANDARD = gnu99;
				GCC_WARN_64_TO_32_BIT_CONVERSION = YES;
				GCC_WARN_ABOUT_RETURN_TYPE = YES_ERROR;
				GCC_WARN_UNDECLARED_SELECTOR = YES;
				GCC_WARN_UNINITIALIZED_AUTOS = YES_AGGRESSIVE;
				GCC_WARN_UNUSED_FUNCTION = YES;
				GCC_WARN_UNUSED_VARIABLE = YES;
				IPHONEOS_DEPLOYMENT_TARGET = 8.1;
				MTL_ENABLE_DEBUG_INFO = NO;
				SDKROOT = iphoneos;
				VALIDATE_PRODUCT = YES;
			};
			name = Release;
		};
		475FBBD11A81C01E006DDB6B /* Debug */ = {
			isa = XCBuildConfiguration;
			baseConfigurationReference = 54F8FA44F828EFA2B0C13D15 /* Pods-rotten-tomatoes.debug.xcconfig */;
			buildSettings = {
				ASSETCATALOG_COMPILER_APPICON_NAME = AppIcon;
				CLANG_ENABLE_MODULES = YES;
				INFOPLIST_FILE = "rotten-tomatoes/Info.plist";
				LD_RUNPATH_SEARCH_PATHS = "$(inherited) @executable_path/Frameworks";
				PRODUCT_NAME = "$(TARGET_NAME)";
				SWIFT_OBJC_BRIDGING_HEADER = "rotten-tomatoes-Bridging-Header.h";
				SWIFT_OPTIMIZATION_LEVEL = "-Onone";
			};
			name = Debug;
		};
		475FBBD21A81C01E006DDB6B /* Release */ = {
			isa = XCBuildConfiguration;
			baseConfigurationReference = A3924E34A85522B6B795A1E5 /* Pods-rotten-tomatoes.release.xcconfig */;
			buildSettings = {
				ASSETCATALOG_COMPILER_APPICON_NAME = AppIcon;
				CLANG_ENABLE_MODULES = YES;
				INFOPLIST_FILE = "rotten-tomatoes/Info.plist";
				LD_RUNPATH_SEARCH_PATHS = "$(inherited) @executable_path/Frameworks";
				PRODUCT_NAME = "$(TARGET_NAME)";
				SWIFT_OBJC_BRIDGING_HEADER = "rotten-tomatoes-Bridging-Header.h";
			};
			name = Release;
		};
		475FBBD41A81C01E006DDB6B /* Debug */ = {
			isa = XCBuildConfiguration;
			buildSettings = {
				BUNDLE_LOADER = "$(TEST_HOST)";
				FRAMEWORK_SEARCH_PATHS = (
					"$(SDKROOT)/Developer/Library/Frameworks",
					"$(inherited)",
				);
				GCC_PREPROCESSOR_DEFINITIONS = (
					"DEBUG=1",
					"$(inherited)",
				);
				INFOPLIST_FILE = "rotten-tomatoesTests/Info.plist";
				LD_RUNPATH_SEARCH_PATHS = "$(inherited) @executable_path/Frameworks @loader_path/Frameworks";
				PRODUCT_NAME = "$(TARGET_NAME)";
				TEST_HOST = "$(BUILT_PRODUCTS_DIR)/rotten-tomatoes.app/rotten-tomatoes";
			};
			name = Debug;
		};
		475FBBD51A81C01E006DDB6B /* Release */ = {
			isa = XCBuildConfiguration;
			buildSettings = {
				BUNDLE_LOADER = "$(TEST_HOST)";
				FRAMEWORK_SEARCH_PATHS = (
					"$(SDKROOT)/Developer/Library/Frameworks",
					"$(inherited)",
				);
				INFOPLIST_FILE = "rotten-tomatoesTests/Info.plist";
				LD_RUNPATH_SEARCH_PATHS = "$(inherited) @executable_path/Frameworks @loader_path/Frameworks";
				PRODUCT_NAME = "$(TARGET_NAME)";
				TEST_HOST = "$(BUILT_PRODUCTS_DIR)/rotten-tomatoes.app/rotten-tomatoes";
			};
			name = Release;
		};
/* End XCBuildConfiguration section */

/* Begin XCConfigurationList section */
		475FBBAC1A81C01D006DDB6B /* Build configuration list for PBXProject "rotten-tomatoes" */ = {
			isa = XCConfigurationList;
			buildConfigurations = (
				475FBBCE1A81C01E006DDB6B /* Debug */,
				475FBBCF1A81C01E006DDB6B /* Release */,
			);
			defaultConfigurationIsVisible = 0;
			defaultConfigurationName = Release;
		};
		475FBBD01A81C01E006DDB6B /* Build configuration list for PBXNativeTarget "rotten-tomatoes" */ = {
			isa = XCConfigurationList;
			buildConfigurations = (
				475FBBD11A81C01E006DDB6B /* Debug */,
				475FBBD21A81C01E006DDB6B /* Release */,
			);
			defaultConfigurationIsVisible = 0;
			defaultConfigurationName = Release;
		};
		475FBBD31A81C01E006DDB6B /* Build configuration list for PBXNativeTarget "rotten-tomatoesTests" */ = {
			isa = XCConfigurationList;
			buildConfigurations = (
				475FBBD41A81C01E006DDB6B /* Debug */,
				475FBBD51A81C01E006DDB6B /* Release */,
			);
			defaultConfigurationIsVisible = 0;
			defaultConfigurationName = Release;
		};
/* End XCConfigurationList section */
	};
	rootObject = 475FBBA91A81C01D006DDB6B /* Project object */;
}
